// !$*UTF8*$!
{
	archiveVersion = 1;
	classes = {
	};
	objectVersion = 46;
	objects = {

/* Begin PBXBuildFile section */
		8E1B7DAB17BD9A3B00FA726C /* UIKit.framework in Frameworks */ = {isa = PBXBuildFile; fileRef = 8E1B7DAA17BD9A3B00FA726C /* UIKit.framework */; };
		8E1B7DAD17BD9A3B00FA726C /* Foundation.framework in Frameworks */ = {isa = PBXBuildFile; fileRef = 8E1B7DAC17BD9A3B00FA726C /* Foundation.framework */; };
		8E1B7DAF17BD9A3B00FA726C /* CoreGraphics.framework in Frameworks */ = {isa = PBXBuildFile; fileRef = 8E1B7DAE17BD9A3B00FA726C /* CoreGraphics.framework */; };
		8E1B7DB517BD9A3B00FA726C /* InfoPlist.strings in Resources */ = {isa = PBXBuildFile; fileRef = 8E1B7DB317BD9A3B00FA726C /* InfoPlist.strings */; };
		8E1B7DB717BD9A3B00FA726C /* main.m in Sources */ = {isa = PBXBuildFile; fileRef = 8E1B7DB617BD9A3B00FA726C /* main.m */; };
		8E1B7DBB17BD9A3B00FA726C /* AppDelegate.m in Sources */ = {isa = PBXBuildFile; fileRef = 8E1B7DBA17BD9A3B00FA726C /* AppDelegate.m */; };
		8E1B7DBD17BD9A3B00FA726C /* Default.png in Resources */ = {isa = PBXBuildFile; fileRef = 8E1B7DBC17BD9A3B00FA726C /* Default.png */; };
		8E1B7DBF17BD9A3B00FA726C /* Default@2x.png in Resources */ = {isa = PBXBuildFile; fileRef = 8E1B7DBE17BD9A3B00FA726C /* Default@2x.png */; };
		8E1B7DC117BD9A3B00FA726C /* Default-568h@2x.png in Resources */ = {isa = PBXBuildFile; fileRef = 8E1B7DC017BD9A3B00FA726C /* Default-568h@2x.png */; };
		8E1B7DC417BD9A3B00FA726C /* MainStoryboard.storyboard in Resources */ = {isa = PBXBuildFile; fileRef = 8E1B7DC217BD9A3B00FA726C /* MainStoryboard.storyboard */; };
		8E1B7DC717BD9A3B00FA726C /* ViewController.m in Sources */ = {isa = PBXBuildFile; fileRef = 8E1B7DC617BD9A3B00FA726C /* ViewController.m */; };
		8ED8E21F17C5AB270037A64E /* button_bg_off.png in Resources */ = {isa = PBXBuildFile; fileRef = 8ED8E21D17C5AB270037A64E /* button_bg_off.png */; };
		8ED8E22017C5AB270037A64E /* button_bg_on.png in Resources */ = {isa = PBXBuildFile; fileRef = 8ED8E21E17C5AB270037A64E /* button_bg_on.png */; };
		8ED8E22517C5AD670037A64E /* button_bg_off@2x.png in Resources */ = {isa = PBXBuildFile; fileRef = 8ED8E22217C5AD670037A64E /* button_bg_off@2x.png */; };
		8ED8E22617C5AD670037A64E /* button_bg_on@2x.png in Resources */ = {isa = PBXBuildFile; fileRef = 8ED8E22317C5AD670037A64E /* button_bg_on@2x.png */; };
		8ED8E22917C5B9DE0037A64E /* background.png in Resources */ = {isa = PBXBuildFile; fileRef = 8ED8E22717C5B9DE0037A64E /* background.png */; };
		8ED8E22A17C5B9DE0037A64E /* background@2x.png in Resources */ = {isa = PBXBuildFile; fileRef = 8ED8E22817C5B9DE0037A64E /* background@2x.png */; };
		8ED8E24417C5BC5A0037A64E /* cball00001.png in Resources */ = {isa = PBXBuildFile; fileRef = 8ED8E22C17C5BC5A0037A64E /* cball00001.png */; };
		8ED8E24517C5BC5A0037A64E /* cball00002.png in Resources */ = {isa = PBXBuildFile; fileRef = 8ED8E22D17C5BC5A0037A64E /* cball00002.png */; };
		8ED8E24617C5BC5A0037A64E /* cball00003.png in Resources */ = {isa = PBXBuildFile; fileRef = 8ED8E22E17C5BC5A0037A64E /* cball00003.png */; };
		8ED8E24717C5BC5A0037A64E /* cball00004.png in Resources */ = {isa = PBXBuildFile; fileRef = 8ED8E22F17C5BC5A0037A64E /* cball00004.png */; };
		8ED8E24817C5BC5A0037A64E /* cball00005.png in Resources */ = {isa = PBXBuildFile; fileRef = 8ED8E23017C5BC5A0037A64E /* cball00005.png */; };
		8ED8E24917C5BC5A0037A64E /* cball00006.png in Resources */ = {isa = PBXBuildFile; fileRef = 8ED8E23117C5BC5A0037A64E /* cball00006.png */; };
		8ED8E24A17C5BC5A0037A64E /* cball00007.png in Resources */ = {isa = PBXBuildFile; fileRef = 8ED8E23217C5BC5A0037A64E /* cball00007.png */; };
		8ED8E24B17C5BC5A0037A64E /* cball00008.png in Resources */ = {isa = PBXBuildFile; fileRef = 8ED8E23317C5BC5A0037A64E /* cball00008.png */; };
		8ED8E24C17C5BC5A0037A64E /* cball00009.png in Resources */ = {isa = PBXBuildFile; fileRef = 8ED8E23417C5BC5A0037A64E /* cball00009.png */; };
		8ED8E24D17C5BC5A0037A64E /* cball00010.png in Resources */ = {isa = PBXBuildFile; fileRef = 8ED8E23517C5BC5A0037A64E /* cball00010.png */; };
		8ED8E24E17C5BC5A0037A64E /* cball00011.png in Resources */ = {isa = PBXBuildFile; fileRef = 8ED8E23617C5BC5A0037A64E /* cball00011.png */; };
		8ED8E24F17C5BC5A0037A64E /* cball00012.png in Resources */ = {isa = PBXBuildFile; fileRef = 8ED8E23717C5BC5A0037A64E /* cball00012.png */; };
		8ED8E25017C5BC5A0037A64E /* cball00013.png in Resources */ = {isa = PBXBuildFile; fileRef = 8ED8E23817C5BC5A0037A64E /* cball00013.png */; };
		8ED8E25117C5BC5A0037A64E /* cball00014.png in Resources */ = {isa = PBXBuildFile; fileRef = 8ED8E23917C5BC5A0037A64E /* cball00014.png */; };
		8ED8E25217C5BC5A0037A64E /* cball00015.png in Resources */ = {isa = PBXBuildFile; fileRef = 8ED8E23A17C5BC5A0037A64E /* cball00015.png */; };
		8ED8E25317C5BC5A0037A64E /* cball00016.png in Resources */ = {isa = PBXBuildFile; fileRef = 8ED8E23B17C5BC5A0037A64E /* cball00016.png */; };
		8ED8E25417C5BC5A0037A64E /* cball00017.png in Resources */ = {isa = PBXBuildFile; fileRef = 8ED8E23C17C5BC5A0037A64E /* cball00017.png */; };
		8ED8E25517C5BC5A0037A64E /* cball00018.png in Resources */ = {isa = PBXBuildFile; fileRef = 8ED8E23D17C5BC5A0037A64E /* cball00018.png */; };
		8ED8E25617C5BC5A0037A64E /* cball00019.png in Resources */ = {isa = PBXBuildFile; fileRef = 8ED8E23E17C5BC5A0037A64E /* cball00019.png */; };
		8ED8E25717C5BC5A0037A64E /* cball00020.png in Resources */ = {isa = PBXBuildFile; fileRef = 8ED8E23F17C5BC5A0037A64E /* cball00020.png */; };
		8ED8E25817C5BC5A0037A64E /* cball00021.png in Resources */ = {isa = PBXBuildFile; fileRef = 8ED8E24017C5BC5A0037A64E /* cball00021.png */; };
		8ED8E25917C5BC5A0037A64E /* cball00022.png in Resources */ = {isa = PBXBuildFile; fileRef = 8ED8E24117C5BC5A0037A64E /* cball00022.png */; };
		8ED8E25A17C5BC5A0037A64E /* cball00023.png in Resources */ = {isa = PBXBuildFile; fileRef = 8ED8E24217C5BC5A0037A64E /* cball00023.png */; };
		8ED8E25B17C5BC5A0037A64E /* cball00024.png in Resources */ = {isa = PBXBuildFile; fileRef = 8ED8E24317C5BC5A0037A64E /* cball00024.png */; };
		8EF1A5FE17CC46BE0015E16D /* icon-57x57.png in Resources */ = {isa = PBXBuildFile; fileRef = 8EF1A5FD17CC46BE0015E16D /* icon-57x57.png */; };
		8EF1A60017CC46C20015E16D /* icon-114x114.png in Resources */ = {isa = PBXBuildFile; fileRef = 8EF1A5FF17CC46C20015E16D /* icon-114x114.png */; };
		8EF1A60217CC472E0015E16D /* Default.png in Resources */ = {isa = PBXBuildFile; fileRef = 8EF1A60117CC472E0015E16D /* Default.png */; };
		8EF1A60417CC47380015E16D /* Default@2x.png in Resources */ = {isa = PBXBuildFile; fileRef = 8EF1A60317CC47380015E16D /* Default@2x.png */; };
		8EF1A60617CC47530015E16D /* Default-568h@2x.png in Resources */ = {isa = PBXBuildFile; fileRef = 8EF1A60517CC47530015E16D /* Default-568h@2x.png */; };
/* End PBXBuildFile section */

/* Begin PBXFileReference section */
		8E1B7DA717BD9A3B00FA726C /* Crystal Ball.app */ = {isa = PBXFileReference; explicitFileType = wrapper.application; includeInIndex = 0; path = "Crystal Ball.app"; sourceTree = BUILT_PRODUCTS_DIR; };
		8E1B7DAA17BD9A3B00FA726C /* UIKit.framework */ = {isa = PBXFileReference; lastKnownFileType = wrapper.framework; name = UIKit.framework; path = System/Library/Frameworks/UIKit.framework; sourceTree = SDKROOT; };
		8E1B7DAC17BD9A3B00FA726C /* Foundation.framework */ = {isa = PBXFileReference; lastKnownFileType = wrapper.framework; name = Foundation.framework; path = System/Library/Frameworks/Foundation.framework; sourceTree = SDKROOT; };
		8E1B7DAE17BD9A3B00FA726C /* CoreGraphics.framework */ = {isa = PBXFileReference; lastKnownFileType = wrapper.framework; name = CoreGraphics.framework; path = System/Library/Frameworks/CoreGraphics.framework; sourceTree = SDKROOT; };
		8E1B7DB217BD9A3B00FA726C /* Crystal Ball-Info.plist */ = {isa = PBXFileReference; lastKnownFileType = text.plist.xml; path = "Crystal Ball-Info.plist"; sourceTree = "<group>"; };
		8E1B7DB417BD9A3B00FA726C /* en */ = {isa = PBXFileReference; lastKnownFileType = text.plist.strings; name = en; path = en.lproj/InfoPlist.strings; sourceTree = "<group>"; };
		8E1B7DB617BD9A3B00FA726C /* main.m */ = {isa = PBXFileReference; lastKnownFileType = sourcecode.c.objc; path = main.m; sourceTree = "<group>"; };
		8E1B7DB817BD9A3B00FA726C /* Crystal Ball-Prefix.pch */ = {isa = PBXFileReference; lastKnownFileType = sourcecode.c.h; path = "Crystal Ball-Prefix.pch"; sourceTree = "<group>"; };
		8E1B7DB917BD9A3B00FA726C /* AppDelegate.h */ = {isa = PBXFileReference; lastKnownFileType = sourcecode.c.h; path = AppDelegate.h; sourceTree = "<group>"; };
		8E1B7DBA17BD9A3B00FA726C /* AppDelegate.m */ = {isa = PBXFileReference; lastKnownFileType = sourcecode.c.objc; path = AppDelegate.m; sourceTree = "<group>"; };
		8E1B7DBC17BD9A3B00FA726C /* Default.png */ = {isa = PBXFileReference; lastKnownFileType = image.png; path = Default.png; sourceTree = "<group>"; };
		8E1B7DBE17BD9A3B00FA726C /* Default@2x.png */ = {isa = PBXFileReference; lastKnownFileType = image.png; path = "Default@2x.png"; sourceTree = "<group>"; };
		8E1B7DC017BD9A3B00FA726C /* Default-568h@2x.png */ = {isa = PBXFileReference; lastKnownFileType = image.png; path = "Default-568h@2x.png"; sourceTree = "<group>"; };
		8E1B7DC317BD9A3B00FA726C /* en */ = {isa = PBXFileReference; lastKnownFileType = file.storyboard; name = en; path = en.lproj/MainStoryboard.storyboard; sourceTree = "<group>"; };
		8E1B7DC517BD9A3B00FA726C /* ViewController.h */ = {isa = PBXFileReference; lastKnownFileType = sourcecode.c.h; path = ViewController.h; sourceTree = "<group>"; };
		8E1B7DC617BD9A3B00FA726C /* ViewController.m */ = {isa = PBXFileReference; lastKnownFileType = sourcecode.c.objc; path = ViewController.m; sourceTree = "<group>"; };
		8ED8E21D17C5AB270037A64E /* button_bg_off.png */ = {isa = PBXFileReference; lastKnownFileType = image.png; path = button_bg_off.png; sourceTree = "<group>"; };
		8ED8E21E17C5AB270037A64E /* button_bg_on.png */ = {isa = PBXFileReference; lastKnownFileType = image.png; path = button_bg_on.png; sourceTree = "<group>"; };
		8ED8E22217C5AD670037A64E /* button_bg_off@2x.png */ = {isa = PBXFileReference; lastKnownFileType = image.png; path = "button_bg_off@2x.png"; sourceTree = "<group>"; };
		8ED8E22317C5AD670037A64E /* button_bg_on@2x.png */ = {isa = PBXFileReference; lastKnownFileType = image.png; path = "button_bg_on@2x.png"; sourceTree = "<group>"; };
		8ED8E22717C5B9DE0037A64E /* background.png */ = {isa = PBXFileReference; lastKnownFileType = image.png; path = background.png; sourceTree = "<group>"; };
		8ED8E22817C5B9DE0037A64E /* background@2x.png */ = {isa = PBXFileReference; lastKnownFileType = image.png; path = "background@2x.png"; sourceTree = "<group>"; };
		8ED8E22C17C5BC5A0037A64E /* cball00001.png */ = {isa = PBXFileReference; lastKnownFileType = image.png; path = cball00001.png; sourceTree = "<group>"; };
		8ED8E22D17C5BC5A0037A64E /* cball00002.png */ = {isa = PBXFileReference; lastKnownFileType = image.png; path = cball00002.png; sourceTree = "<group>"; };
		8ED8E22E17C5BC5A0037A64E /* cball00003.png */ = {isa = PBXFileReference; lastKnownFileType = image.png; path = cball00003.png; sourceTree = "<group>"; };
		8ED8E22F17C5BC5A0037A64E /* cball00004.png */ = {isa = PBXFileReference; lastKnownFileType = image.png; path = cball00004.png; sourceTree = "<group>"; };
		8ED8E23017C5BC5A0037A64E /* cball00005.png */ = {isa = PBXFileReference; lastKnownFileType = image.png; path = cball00005.png; sourceTree = "<group>"; };
		8ED8E23117C5BC5A0037A64E /* cball00006.png */ = {isa = PBXFileReference; lastKnownFileType = image.png; path = cball00006.png; sourceTree = "<group>"; };
		8ED8E23217C5BC5A0037A64E /* cball00007.png */ = {isa = PBXFileReference; lastKnownFileType = image.png; path = cball00007.png; sourceTree = "<group>"; };
		8ED8E23317C5BC5A0037A64E /* cball00008.png */ = {isa = PBXFileReference; lastKnownFileType = image.png; path = cball00008.png; sourceTree = "<group>"; };
		8ED8E23417C5BC5A0037A64E /* cball00009.png */ = {isa = PBXFileReference; lastKnownFileType = image.png; path = cball00009.png; sourceTree = "<group>"; };
		8ED8E23517C5BC5A0037A64E /* cball00010.png */ = {isa = PBXFileReference; lastKnownFileType = image.png; path = cball00010.png; sourceTree = "<group>"; };
		8ED8E23617C5BC5A0037A64E /* cball00011.png */ = {isa = PBXFileReference; lastKnownFileType = image.png; path = cball00011.png; sourceTree = "<group>"; };
		8ED8E23717C5BC5A0037A64E /* cball00012.png */ = {isa = PBXFileReference; lastKnownFileType = image.png; path = cball00012.png; sourceTree = "<group>"; };
		8ED8E23817C5BC5A0037A64E /* cball00013.png */ = {isa = PBXFileReference; lastKnownFileType = image.png; path = cball00013.png; sourceTree = "<group>"; };
		8ED8E23917C5BC5A0037A64E /* cball00014.png */ = {isa = PBXFileReference; lastKnownFileType = image.png; path = cball00014.png; sourceTree = "<group>"; };
		8ED8E23A17C5BC5A0037A64E /* cball00015.png */ = {isa = PBXFileReference; lastKnownFileType = image.png; path = cball00015.png; sourceTree = "<group>"; };
		8ED8E23B17C5BC5A0037A64E /* cball00016.png */ = {isa = PBXFileReference; lastKnownFileType = image.png; path = cball00016.png; sourceTree = "<group>"; };
		8ED8E23C17C5BC5A0037A64E /* cball00017.png */ = {isa = PBXFileReference; lastKnownFileType = image.png; path = cball00017.png; sourceTree = "<group>"; };
		8ED8E23D17C5BC5A0037A64E /* cball00018.png */ = {isa = PBXFileReference; lastKnownFileType = image.png; path = cball00018.png; sourceTree = "<group>"; };
		8ED8E23E17C5BC5A0037A64E /* cball00019.png */ = {isa = PBXFileReference; lastKnownFileType = image.png; path = cball00019.png; sourceTree = "<group>"; };
		8ED8E23F17C5BC5A0037A64E /* cball00020.png */ = {isa = PBXFileReference; lastKnownFileType = image.png; path = cball00020.png; sourceTree = "<group>"; };
		8ED8E24017C5BC5A0037A64E /* cball00021.png */ = {isa = PBXFileReference; lastKnownFileType = image.png; path = cball00021.png; sourceTree = "<group>"; };
		8ED8E24117C5BC5A0037A64E /* cball00022.png */ = {isa = PBXFileReference; lastKnownFileType = image.png; path = cball00022.png; sourceTree = "<group>"; };
		8ED8E24217C5BC5A0037A64E /* cball00023.png */ = {isa = PBXFileReference; lastKnownFileType = image.png; path = cball00023.png; sourceTree = "<group>"; };
		8ED8E24317C5BC5A0037A64E /* cball00024.png */ = {isa = PBXFileReference; lastKnownFileType = image.png; path = cball00024.png; sourceTree = "<group>"; };
		8EF1A5FD17CC46BE0015E16D /* icon-57x57.png */ = {isa = PBXFileReference; lastKnownFileType = image.png; path = "icon-57x57.png"; sourceTree = "<group>"; };
		8EF1A5FF17CC46C20015E16D /* icon-114x114.png */ = {isa = PBXFileReference; lastKnownFileType = image.png; path = "icon-114x114.png"; sourceTree = "<group>"; };
		8EF1A60117CC472E0015E16D /* Default.png */ = {isa = PBXFileReference; lastKnownFileType = image.png; path = Default.png; sourceTree = "<group>"; };
		8EF1A60317CC47380015E16D /* Default@2x.png */ = {isa = PBXFileReference; lastKnownFileType = image.png; path = "Default@2x.png"; sourceTree = "<group>"; };
		8EF1A60517CC47530015E16D /* Default-568h@2x.png */ = {isa = PBXFileReference; lastKnownFileType = image.png; path = "Default-568h@2x.png"; sourceTree = "<group>"; };
/* End PBXFileReference section */

/* Begin PBXFrameworksBuildPhase section */
		8E1B7DA417BD9A3B00FA726C /* Frameworks */ = {
			isa = PBXFrameworksBuildPhase;
			buildActionMask = 2147483647;
			files = (
				8E1B7DAB17BD9A3B00FA726C /* UIKit.framework in Frameworks */,
				8E1B7DAD17BD9A3B00FA726C /* Foundation.framework in Frameworks */,
				8E1B7DAF17BD9A3B00FA726C /* CoreGraphics.framework in Frameworks */,
			);
			runOnlyForDeploymentPostprocessing = 0;
		};
/* End PBXFrameworksBuildPhase section */

/* Begin PBXGroup section */
		8E1B7D9E17BD9A3A00FA726C = {
			isa = PBXGroup;
			children = (
				8EF1A60517CC47530015E16D /* Default-568h@2x.png */,
				8EF1A60317CC47380015E16D /* Default@2x.png */,
				8EF1A60117CC472E0015E16D /* Default.png */,
				8EF1A5FF17CC46C20015E16D /* icon-114x114.png */,
				8EF1A5FD17CC46BE0015E16D /* icon-57x57.png */,
				8E1B7DB017BD9A3B00FA726C /* Crystal Ball */,
				8E1B7DA917BD9A3B00FA726C /* Frameworks */,
				8E1B7DA817BD9A3B00FA726C /* Products */,
			);
			sourceTree = "<group>";
		};
		8E1B7DA817BD9A3B00FA726C /* Products */ = {
			isa = PBXGroup;
			children = (
				8E1B7DA717BD9A3B00FA726C /* Crystal Ball.app */,
			);
			name = Products;
			sourceTree = "<group>";
		};
		8E1B7DA917BD9A3B00FA726C /* Frameworks */ = {
			isa = PBXGroup;
			children = (
				8E1B7DAA17BD9A3B00FA726C /* UIKit.framework */,
				8E1B7DAC17BD9A3B00FA726C /* Foundation.framework */,
				8E1B7DAE17BD9A3B00FA726C /* CoreGraphics.framework */,
			);
			name = Frameworks;
			sourceTree = "<group>";
		};
		8E1B7DB017BD9A3B00FA726C /* Crystal Ball */ = {
			isa = PBXGroup;
			children = (
				8EF9746617C5865000519342 /* Images */,
				8E1B7DB917BD9A3B00FA726C /* AppDelegate.h */,
				8E1B7DBA17BD9A3B00FA726C /* AppDelegate.m */,
				8E1B7DC217BD9A3B00FA726C /* MainStoryboard.storyboard */,
				8E1B7DC517BD9A3B00FA726C /* ViewController.h */,
				8E1B7DC617BD9A3B00FA726C /* ViewController.m */,
				8E1B7DB117BD9A3B00FA726C /* Supporting Files */,
			);
			path = "Crystal Ball";
			sourceTree = "<group>";
		};
		8E1B7DB117BD9A3B00FA726C /* Supporting Files */ = {
			isa = PBXGroup;
			children = (
				8E1B7DB217BD9A3B00FA726C /* Crystal Ball-Info.plist */,
				8E1B7DB317BD9A3B00FA726C /* InfoPlist.strings */,
				8E1B7DB617BD9A3B00FA726C /* main.m */,
				8E1B7DB817BD9A3B00FA726C /* Crystal Ball-Prefix.pch */,
				8E1B7DBC17BD9A3B00FA726C /* Default.png */,
				8E1B7DBE17BD9A3B00FA726C /* Default@2x.png */,
				8E1B7DC017BD9A3B00FA726C /* Default-568h@2x.png */,
			);
			name = "Supporting Files";
			sourceTree = "<group>";
		};
		8ED8E22B17C5BC310037A64E /* Animation */ = {
			isa = PBXGroup;
			children = (
				8ED8E22C17C5BC5A0037A64E /* cball00001.png */,
				8ED8E22D17C5BC5A0037A64E /* cball00002.png */,
				8ED8E22E17C5BC5A0037A64E /* cball00003.png */,
				8ED8E22F17C5BC5A0037A64E /* cball00004.png */,
				8ED8E23017C5BC5A0037A64E /* cball00005.png */,
				8ED8E23117C5BC5A0037A64E /* cball00006.png */,
				8ED8E23217C5BC5A0037A64E /* cball00007.png */,
				8ED8E23317C5BC5A0037A64E /* cball00008.png */,
				8ED8E23417C5BC5A0037A64E /* cball00009.png */,
				8ED8E23517C5BC5A0037A64E /* cball00010.png */,
				8ED8E23617C5BC5A0037A64E /* cball00011.png */,
				8ED8E23717C5BC5A0037A64E /* cball00012.png */,
				8ED8E23817C5BC5A0037A64E /* cball00013.png */,
				8ED8E23917C5BC5A0037A64E /* cball00014.png */,
				8ED8E23A17C5BC5A0037A64E /* cball00015.png */,
				8ED8E23B17C5BC5A0037A64E /* cball00016.png */,
				8ED8E23C17C5BC5A0037A64E /* cball00017.png */,
				8ED8E23D17C5BC5A0037A64E /* cball00018.png */,
				8ED8E23E17C5BC5A0037A64E /* cball00019.png */,
				8ED8E23F17C5BC5A0037A64E /* cball00020.png */,
				8ED8E24017C5BC5A0037A64E /* cball00021.png */,
				8ED8E24117C5BC5A0037A64E /* cball00022.png */,
				8ED8E24217C5BC5A0037A64E /* cball00023.png */,
				8ED8E24317C5BC5A0037A64E /* cball00024.png */,
			);
			name = Animation;
			sourceTree = "<group>";
		};
		8EF9746617C5865000519342 /* Images */ = {
			isa = PBXGroup;
			children = (
				8ED8E22B17C5BC310037A64E /* Animation */,
				8ED8E22717C5B9DE0037A64E /* background.png */,
				8ED8E22817C5B9DE0037A64E /* background@2x.png */,
				8ED8E22217C5AD670037A64E /* button_bg_off@2x.png */,
				8ED8E22317C5AD670037A64E /* button_bg_on@2x.png */,
				8ED8E21D17C5AB270037A64E /* button_bg_off.png */,
				8ED8E21E17C5AB270037A64E /* button_bg_on.png */,
			);
			name = Images;
			sourceTree = "<group>";
		};
/* End PBXGroup section */

/* Begin PBXNativeTarget section */
		8E1B7DA617BD9A3B00FA726C /* Crystal Ball */ = {
			isa = PBXNativeTarget;
			buildConfigurationList = 8E1B7DCA17BD9A3B00FA726C /* Build configuration list for PBXNativeTarget "Crystal Ball" */;
			buildPhases = (
				8E1B7DA317BD9A3B00FA726C /* Sources */,
				8E1B7DA417BD9A3B00FA726C /* Frameworks */,
				8E1B7DA517BD9A3B00FA726C /* Resources */,
			);
			buildRules = (
			);
			dependencies = (
			);
			name = "Crystal Ball";
			productName = "Crystal Ball";
			productReference = 8E1B7DA717BD9A3B00FA726C /* Crystal Ball.app */;
			productType = "com.apple.product-type.application";
		};
/* End PBXNativeTarget section */

/* Begin PBXProject section */
		8E1B7D9F17BD9A3A00FA726C /* Project object */ = {
			isa = PBXProject;
			attributes = {
				LastUpgradeCheck = 0460;
				ORGANIZATIONNAME = "Ryan Lijewski";
			};
			buildConfigurationList = 8E1B7DA217BD9A3A00FA726C /* Build configuration list for PBXProject "Crystal Ball" */;
			compatibilityVersion = "Xcode 3.2";
			developmentRegion = English;
			hasScannedForEncodings = 0;
			knownRegions = (
				en,
			);
			mainGroup = 8E1B7D9E17BD9A3A00FA726C;
			productRefGroup = 8E1B7DA817BD9A3B00FA726C /* Products */;
			projectDirPath = "";
			projectRoot = "";
			targets = (
				8E1B7DA617BD9A3B00FA726C /* Crystal Ball */,
			);
		};
/* End PBXProject section */

/* Begin PBXResourcesBuildPhase section */
		8E1B7DA517BD9A3B00FA726C /* Resources */ = {
			isa = PBXResourcesBuildPhase;
			buildActionMask = 2147483647;
			files = (
				8E1B7DB517BD9A3B00FA726C /* InfoPlist.strings in Resources */,
				8E1B7DBD17BD9A3B00FA726C /* Default.png in Resources */,
				8E1B7DBF17BD9A3B00FA726C /* Default@2x.png in Resources */,
				8E1B7DC117BD9A3B00FA726C /* Default-568h@2x.png in Resources */,
				8E1B7DC417BD9A3B00FA726C /* MainStoryboard.storyboard in Resources */,
				8ED8E21F17C5AB270037A64E /* button_bg_off.png in Resources */,
				8ED8E22017C5AB270037A64E /* button_bg_on.png in Resources */,
				8ED8E22517C5AD670037A64E /* button_bg_off@2x.png in Resources */,
				8ED8E22617C5AD670037A64E /* button_bg_on@2x.png in Resources */,
				8ED8E22917C5B9DE0037A64E /* background.png in Resources */,
				8ED8E22A17C5B9DE0037A64E /* background@2x.png in Resources */,
				8ED8E24417C5BC5A0037A64E /* cball00001.png in Resources */,
				8ED8E24517C5BC5A0037A64E /* cball00002.png in Resources */,
				8ED8E24617C5BC5A0037A64E /* cball00003.png in Resources */,
				8ED8E24717C5BC5A0037A64E /* cball00004.png in Resources */,
				8ED8E24817C5BC5A0037A64E /* cball00005.png in Resources */,
				8ED8E24917C5BC5A0037A64E /* cball00006.png in Resources */,
				8ED8E24A17C5BC5A0037A64E /* cball00007.png in Resources */,
				8ED8E24B17C5BC5A0037A64E /* cball00008.png in Resources */,
				8ED8E24C17C5BC5A0037A64E /* cball00009.png in Resources */,
				8ED8E24D17C5BC5A0037A64E /* cball00010.png in Resources */,
				8ED8E24E17C5BC5A0037A64E /* cball00011.png in Resources */,
				8ED8E24F17C5BC5A0037A64E /* cball00012.png in Resources */,
				8ED8E25017C5BC5A0037A64E /* cball00013.png in Resources */,
				8ED8E25117C5BC5A0037A64E /* cball00014.png in Resources */,
				8ED8E25217C5BC5A0037A64E /* cball00015.png in Resources */,
				8ED8E25317C5BC5A0037A64E /* cball00016.png in Resources */,
				8ED8E25417C5BC5A0037A64E /* cball00017.png in Resources */,
				8ED8E25517C5BC5A0037A64E /* cball00018.png in Resources */,
				8ED8E25617C5BC5A0037A64E /* cball00019.png in Resources */,
				8ED8E25717C5BC5A0037A64E /* cball00020.png in Resources */,
				8ED8E25817C5BC5A0037A64E /* cball00021.png in Resources */,
				8ED8E25917C5BC5A0037A64E /* cball00022.png in Resources */,
				8ED8E25A17C5BC5A0037A64E /* cball00023.png in Resources */,
				8ED8E25B17C5BC5A0037A64E /* cball00024.png in Resources */,
				8EF1A5FE17CC46BE0015E16D /* icon-57x57.png in Resources */,
				8EF1A60017CC46C20015E16D /* icon-114x114.png in Resources */,
				8EF1A60217CC472E0015E16D /* Default.png in Resources */,
				8EF1A60417CC47380015E16D /* Default@2x.png in Resources */,
				8EF1A60617CC47530015E16D /* Default-568h@2x.png in Resources */,
			);
			runOnlyForDeploymentPostprocessing = 0;
		};
/* End PBXResourcesBuildPhase section */

/* Begin PBXSourcesBuildPhase section */
		8E1B7DA317BD9A3B00FA726C /* Sources */ = {
			isa = PBXSourcesBuildPhase;
			buildActionMask = 2147483647;
			files = (
				8E1B7DB717BD9A3B00FA726C /* main.m in Sources */,
				8E1B7DBB17BD9A3B00FA726C /* AppDelegate.m in Sources */,
				8E1B7DC717BD9A3B00FA726C /* ViewController.m in Sources */,
			);
			runOnlyForDeploymentPostprocessing = 0;
		};
/* End PBXSourcesBuildPhase section */

/* Begin PBXVariantGroup section */
		8E1B7DB317BD9A3B00FA726C /* InfoPlist.strings */ = {
			isa = PBXVariantGroup;
			children = (
				8E1B7DB417BD9A3B00FA726C /* en */,
			);
			name = InfoPlist.strings;
			sourceTree = "<group>";
		};
		8E1B7DC217BD9A3B00FA726C /* MainStoryboard.storyboard */ = {
			isa = PBXVariantGroup;
			children = (
				8E1B7DC317BD9A3B00FA726C /* en */,
			);
			name = MainStoryboard.storyboard;
			sourceTree = "<group>";
		};
/* End PBXVariantGroup section */

/* Begin XCBuildConfiguration section */
		8E1B7DC817BD9A3B00FA726C /* Debug */ = {
			isa = XCBuildConfiguration;
			buildSettings = {
				ALWAYS_SEARCH_USER_PATHS = NO;
				CLANG_CXX_LANGUAGE_STANDARD = "gnu++0x";
				CLANG_CXX_LIBRARY = "libc++";
				CLANG_ENABLE_OBJC_ARC = YES;
				CLANG_WARN_CONSTANT_CONVERSION = YES;
				CLANG_WARN_EMPTY_BODY = YES;
				CLANG_WARN_ENUM_CONVERSION = YES;
				CLANG_WARN_INT_CONVERSION = YES;
				CLANG_WARN__DUPLICATE_METHOD_MATCH = YES;
				"CODE_SIGN_IDENTITY[sdk=iphoneos*]" = "iPhone Developer";
				COPY_PHASE_STRIP = NO;
				GCC_C_LANGUAGE_STANDARD = gnu99;
				GCC_DYNAMIC_NO_PIC = NO;
				GCC_OPTIMIZATION_LEVEL = 0;
				GCC_PREPROCESSOR_DEFINITIONS = (
					"DEBUG=1",
					"$(inherited)",
				);
				GCC_SYMBOLS_PRIVATE_EXTERN = NO;
				GCC_WARN_ABOUT_RETURN_TYPE = YES;
				GCC_WARN_UNINITIALIZED_AUTOS = YES;
				GCC_WARN_UNUSED_VARIABLE = YES;
				IPHONEOS_DEPLOYMENT_TARGET = 6.1;
				ONLY_ACTIVE_ARCH = YES;
				SDKROOT = iphoneos;
			};
			name = Debug;
		};
		8E1B7DC917BD9A3B00FA726C /* Release */ = {
			isa = XCBuildConfiguration;
			buildSettings = {
				ALWAYS_SEARCH_USER_PATHS = NO;
				CLANG_CXX_LANGUAGE_STANDARD = "gnu++0x";
				CLANG_CXX_LIBRARY = "libc++";
				CLANG_ENABLE_OBJC_ARC = YES;
				CLANG_WARN_CONSTANT_CONVERSION = YES;
				CLANG_WARN_EMPTY_BODY = YES;
				CLANG_WARN_ENUM_CONVERSION = YES;
				CLANG_WARN_INT_CONVERSION = YES;
				CLANG_WARN__DUPLICATE_METHOD_MATCH = YES;
				"CODE_SIGN_IDENTITY[sdk=iphoneos*]" = "iPhone Developer";
				COPY_PHASE_STRIP = YES;
				GCC_C_LANGUAGE_STANDARD = gnu99;
				GCC_WARN_ABOUT_RETURN_TYPE = YES;
				GCC_WARN_UNINITIALIZED_AUTOS = YES;
				GCC_WARN_UNUSED_VARIABLE = YES;
				IPHONEOS_DEPLOYMENT_TARGET = 6.1;
				OTHER_CFLAGS = "-DNS_BLOCK_ASSERTIONS=1";
				SDKROOT = iphoneos;
				VALIDATE_PRODUCT = YES;
			};
			name = Release;
		};
		8E1B7DCB17BD9A3B00FA726C /* Debug */ = {
			isa = XCBuildConfiguration;
			buildSettings = {
				GCC_PRECOMPILE_PREFIX_HEADER = YES;
				GCC_PREFIX_HEADER = "Crystal Ball/Crystal Ball-Prefix.pch";
				INFOPLIST_FILE = "Crystal Ball/Crystal Ball-Info.plist";
				PRODUCT_NAME = "$(TARGET_NAME)";
				WRAPPER_EXTENSION = app;
			};
			name = Debug;
		};
		8E1B7DCC17BD9A3B00FA726C /* Release */ = {
			isa = XCBuildConfiguration;
			buildSettings = {
				GCC_PRECOMPILE_PREFIX_HEADER = YES;
				GCC_PREFIX_HEADER = "Crystal Ball/Crystal Ball-Prefix.pch";
				INFOPLIST_FILE = "Crystal Ball/Crystal Ball-Info.plist";
				PRODUCT_NAME = "$(TARGET_NAME)";
				WRAPPER_EXTENSION = app;
			};
			name = Release;
		};
/* End XCBuildConfiguration section */

/* Begin XCConfigurationList section */
		8E1B7DA217BD9A3A00FA726C /* Build configuration list for PBXProject "Crystal Ball" */ = {
			isa = XCConfigurationList;
			buildConfigurations = (
				8E1B7DC817BD9A3B00FA726C /* Debug */,
				8E1B7DC917BD9A3B00FA726C /* Release */,
			);
			defaultConfigurationIsVisible = 0;
			defaultConfigurationName = Release;
		};
		8E1B7DCA17BD9A3B00FA726C /* Build configuration list for PBXNativeTarget "Crystal Ball" */ = {
			isa = XCConfigurationList;
			buildConfigurations = (
				8E1B7DCB17BD9A3B00FA726C /* Debug */,
				8E1B7DCC17BD9A3B00FA726C /* Release */,
			);
			defaultConfigurationIsVisible = 0;
			defaultConfigurationName = Release;
		};
/* End XCConfigurationList section */
	};
	rootObject = 8E1B7D9F17BD9A3A00FA726C /* Project object */;
}
